
Microsoft Visual Studio Solution File, Format Version 12.00
# Visual Studio Version 17
VisualStudioVersion = 17.2.32519.379
MinimumVisualStudioVersion = 10.0.40219.1
Project("{FAE04EC0-301F-11D3-BF4B-00C04F79EFBC}") = "WebApiAuthorsNet5", "WebApiAuthorsNet5\WebApiAuthorsNet5.csproj", "{6FC17A95-485C-46E1-9A19-DD0903ED1157}"
EndProject
Global
	GlobalSection(SolutionConfigurationPlatforms) = preSolution
		Debug|Any CPU = Debug|Any CPU
		Release|Any CPU = Release|Any CPU
	EndGlobalSection
	GlobalSection(ProjectConfigurationPlatforms) = postSolution
		{6FC17A95-485C-46E1-9A19-DD0903ED1157}.Debug|Any CPU.ActiveCfg = Debug|Any CPU
		{6FC17A95-485C-46E1-9A19-DD0903ED1157}.Debug|Any CPU.Build.0 = Debug|Any CPU
		{6FC17A95-485C-46E1-9A19-DD0903ED1157}.Release|Any CPU.ActiveCfg = Release|Any CPU
		{6FC17A95-485C-46E1-9A19-DD0903ED1157}.Release|Any CPU.Build.0 = Release|Any CPU
	EndGlobalSection
	GlobalSection(SolutionProperties) = preSolution
		HideSolutionNode = FALSE
	EndGlobalSection
	GlobalSection(ExtensibilityGlobals) = postSolution
		SolutionGuid = {C75D22F9-5DF1-4A76-AA81-362719CAC3F9}
	EndGlobalSection
EndGlobal
